schema: '2.0'
stages:
  prepare:
    cmd: python src/prepare.py
    deps:
    - path: src/prepare.py
      hash: md5
      md5: 83ad465c5a237a4d2bfb21521963f254
      size: 352
    outs:
    - path: data/raw
      hash: md5
      md5: 23b0000338669d2c61217dbd94633aa0.dir
      size: 54950512
      nfiles: 4
  preprocess:
    cmd: python src/preprocess.py
    deps:
    - path: data/raw
      hash: md5
      md5: 23b0000338669d2c61217dbd94633aa0.dir
      size: 54950512
      nfiles: 4
    - path: src/preprocess.py
      hash: md5
      md5: 2af09d5acb415d535d0a2e3ec021b872
      size: 1147
    params:
      params.yaml:
        preprocess:
          val_size: 0.2
          seed: 682
    outs:
    - path: data/processed
      hash: md5
      md5: 501ab7b973ba4af0d7c423a43ae4f7b4.dir
      size: 219590768
      nfiles: 6
  train:
    cmd: python src/train.py
    deps:
    - path: data/processed
      hash: md5
      md5: 501ab7b973ba4af0d7c423a43ae4f7b4.dir
      size: 219590768
      nfiles: 6
    - path: src/train.py
      hash: md5
      md5: 5f35f4aa124c53224fef33e217ff72e0
      size: 1470
    params:
      params.yaml:
        train:
          dense_units: 256
          dropout_rate: 0.2
          learning_rate: 0.001
          epochs: 10
          batch_size: 32
    outs:
    - path: models
      hash: md5
      md5: e04963cf88f16c8201ee1cb17ca04d1c.dir
      size: 2467718
      nfiles: 2
  evaluate:
    cmd: python src/evaluate.py
    deps:
    - path: data/processed
      hash: md5
      md5: 501ab7b973ba4af0d7c423a43ae4f7b4.dir
      size: 219590768
      nfiles: 6
    - path: models
      hash: md5
      md5: e04963cf88f16c8201ee1cb17ca04d1c.dir
      size: 2467718
      nfiles: 2
    - path: src/evaluate.py
      hash: md5
      md5: 458bb1c867353c540827a86fc11061ef
      size: 1032
    outs:
    - path: metrics.json
      hash: md5
      md5: 2bd26fb964a155688835d23fc2e67f42
      size: 83
