schema: '2.0'
stages:
  prepare:
    cmd: python src/prepare.py
    deps:
    - path: src/prepare.py
      hash: md5
      md5: 83ad465c5a237a4d2bfb21521963f254
      size: 352
    outs:
    - path: data/raw
      hash: md5
      md5: 23b0000338669d2c61217dbd94633aa0.dir
      size: 54950512
      nfiles: 4
  preprocess:
    cmd: python src/preprocess.py
    deps:
    - path: data/raw
      hash: md5
      md5: 23b0000338669d2c61217dbd94633aa0.dir
      size: 54950512
      nfiles: 4
    - path: src/preprocess.py
      hash: md5
      md5: 68e16a1f200651f32afeb3cc4377d8a3
      size: 1199
    params:
      params.yaml:
        preprocess:
          val_size: 0.2
          seed: 682
    outs:
    - path: data/processed
      hash: md5
      md5: 125647001e319d944e2679b77572c1cd.dir
      size: 219590768
      nfiles: 6
  train:
    cmd: python src/train.py
    deps:
    - path: data/processed
      hash: md5
      md5: 125647001e319d944e2679b77572c1cd.dir
      size: 219590768
      nfiles: 6
    - path: src/train.py
      hash: md5
      md5: 5f35f4aa124c53224fef33e217ff72e0
      size: 1470
    params:
      params.yaml:
        train:
          dense_units: 256
          dropout_rate: 0.2
          learning_rate: 0.001
          epochs: 10
          batch_size: 32
    outs:
    - path: models
      hash: md5
      md5: 923e253cf50ae8c004ab26e287e18ea1.dir
      size: 2467717
      nfiles: 2
  evaluate:
    cmd: python src/evaluate.py
    deps:
    - path: data/processed
      hash: md5
      md5: 125647001e319d944e2679b77572c1cd.dir
      size: 219590768
      nfiles: 6
    - path: models
      hash: md5
      md5: 923e253cf50ae8c004ab26e287e18ea1.dir
      size: 2467717
      nfiles: 2
    - path: src/evaluate.py
      hash: md5
      md5: 458bb1c867353c540827a86fc11061ef
      size: 1032
    outs:
    - path: metrics.json
      hash: md5
      md5: aee848689c037560d69969f6cf969632
      size: 84
